
Microsoft Visual Studio Solution File, Format Version 11.00
# Visual Studio 2010
Project("{FAE04EC0-301F-11D3-BF4B-00C04F79EFBC}") = "project_compiler_v1", "project_compiler_v1\project_compiler_v1.csproj", "{F190826D-217E-410D-AF0B-2A9964568596}"
EndProject
Global
	GlobalSection(SolutionConfigurationPlatforms) = preSolution
		Debug|Any CPU = Debug|Any CPU
		Release|Any CPU = Release|Any CPU
	EndGlobalSection
	GlobalSection(ProjectConfigurationPlatforms) = postSolution
		{F190826D-217E-410D-AF0B-2A9964568596}.Debug|Any CPU.ActiveCfg = Debug|Any CPU
		{F190826D-217E-410D-AF0B-2A9964568596}.Debug|Any CPU.Build.0 = Debug|Any CPU
		{F190826D-217E-410D-AF0B-2A9964568596}.Release|Any CPU.ActiveCfg = Release|Any CPU
		{F190826D-217E-410D-AF0B-2A9964568596}.Release|Any CPU.Build.0 = Release|Any CPU
	EndGlobalSection
	GlobalSection(SolutionProperties) = preSolution
		HideSolutionNode = FALSE
	EndGlobalSection
EndGlobal
